lockfileVersion: '9.0'

settings:
  autoInstallPeers: true
  excludeLinksFromLockfile: false

importers:

  .:
    dependencies:
      react:
        specifier: ^18.0.0 || ^19.0.0
        version: 19.2.8
    devDependencies:
      '@deepseek-ai/dsh-agent':
        specifier: 0.1.0-rc.6
        version: 0.1.0-rc.6(@deepseek-ai/cordis@4.0.2)(@deepseek-ai/dsh-invariants@0.1.2-alpha.5(@deepseek-ai/cordis@4.0.2))(@deepseek-ai/dsh-llm@0.1.2-alpha.5(@deepseek-ai/cordis@4.0.2))(@deepseek-ai/dsh-scope@0.1.2-alpha.5(@deepseek-ai/cordis@4.0.2)(@deepseek-ai/dsh-invariants@0.1.2-alpha.5(@deepseek-ai/cordis@4.0.2)))(@deepseek-ai/dsh-session@0.1.2-alpha.5(@deepseek-ai/cordis@4.0.2)(@deepseek-ai/dsh-scope@0.1.2-alpha.5(@deepseek-ai/cordis@4.0.2)(@deepseek-ai/dsh-invariants@0.1.2-alpha.5(@deepseek-ai/cordis@4.0.2))))(@deepseek-ai/dsh-system-prompt@0.1.2-alpha.5(@deepseek-ai/cordis@4.0.2)(@deepseek-ai/dsh-invariants@0.1.2-alpha.5(@deepseek-ai/cordis@4.0.2))(@deepseek-ai/dsh-llm@0.1.2-alpha.5(@deepseek-ai/cordis@4.0.2))(@deepseek-ai/dsh-scope@0.1.2-alpha.5(@deepseek-ai/cordis@4.0.2)(@deepseek-ai/dsh-invariants@0.1.2-alpha.5(@deepseek-ai/cordis@4.0.2))))(@deepseek-ai/dsh-typert-protocol@0.1.2-alpha.5(@deepseek-ai/cordis@4.0.2))
      '@deepseek-ai/dsh-tools':
        specifier: '>=0.1.2-alpha.1'
        version: 0.1.2-alpha.5(1920668a7b8131264e60ea69ed9b4723)
      '@types/node':
        specifier: ^22.0.0
        version: 22.20.1
      '@types/react':
        specifier: ^18.3.0
        version: 18.3.31
      '@types/react-dom':
        specifier: 18.3.0
        version: 18.3.0
      tsdown:
        specifier: ^0.22.2
        version: 0.22.14(typescript@5.4.2)
      typescript:
        specifier: ^5.4.0
        version: 5.4.2

packages:

  '@deepseek-ai/cordis@4.0.2':
    resolution: {integrity: sha512-asOnXP1TzFSFQlHb1iegDZp0z/8WD1c7YNrwJR/Tx2bzNuMXfcekE/I67Iv6SQXeLB4csxqCngzQKANP7gdw0g==}
    hasBin: true
    peerDependencies:
      '@deepseek-ai/cordis-plugin-include': ^1.0.7
      '@deepseek-ai/cordis-plugin-loader': ^1.0.3
    peerDependenciesMeta:
      '@deepseek-ai/cordis-plugin-include':
        optional: true
      '@deepseek-ai/cordis-plugin-loader':
        optional: true

  '@deepseek-ai/cosmokit@1.8.3':
    resolution: {integrity: sha512-qBo+ronVM6Eu2WNVJXi8JcMiqZ19T9BRIpV+5qJUFPXjGH/Z0QKcQMC/IZJ7L394YTOtJgcovbk9qP0w2GsBXQ==}

  '@deepseek-ai/dsh-agent@0.1.0-rc.6':
    resolution: {integrity: sha512-vtqq2pWTrzn0dKfj5kREZRpP82AwtGjGx9V1lYnKvF+Uc/a8zyWbSvjDE7V1d3YQAQJzs2cWO31hURWDekDXIA==}
    peerDependencies:
      '@deepseek-ai/cordis': ^4.0.1
      '@deepseek-ai/dsh-invariants': ^0.1.0-rc.6
      '@deepseek-ai/dsh-llm': ^0.1.0-rc.6
      '@deepseek-ai/dsh-scope': ^0.1.0-rc.6
      '@deepseek-ai/dsh-session': ^0.1.0-rc.6
      '@deepseek-ai/dsh-system-prompt': ^0.1.0-rc.6
      '@deepseek-ai/dsh-typert-protocol': ^0.1.0-rc.6

  '@deepseek-ai/dsh-brand@0.1.2-alpha.5':
    resolution: {integrity: sha512-jpOkfEV4p80UzxfuXCUE9Br+VCvf9VT3fun9fP9aIUh7kw/16MJQVFFdQAfKY/IAeW/Dj3GtkjXxJMBctqv3AQ==}
    peerDependencies:
      '@deepseek-ai/cordis': ^4.0.2

  '@deepseek-ai/dsh-code-runtime@0.1.2-alpha.5':
    resolution: {integrity: sha512-ZRVuIDmYnyb30VDuFitd9/4oVId9qq2oQJj1boV/VCritu/fhrpx76S8MRaKmm8l66h299/XCTDkZ+z6tanmhQ==}
    peerDependencies:
      '@deepseek-ai/cordis': ^4.0.2

  '@deepseek-ai/dsh-invariants@0.1.2-alpha.5':
    resolution: {integrity: sha512-UC7rpUR3wAt0Ez3/uvY+pmdYb19SnrmAqHCMFzdiXxb+q/V5kHM26NYx57FlqaQf0LMhEds8Ek4BrHLe7xn0Rw==}
    peerDependencies:
      '@deepseek-ai/cordis': ^4.0.2

  '@deepseek-ai/dsh-llm@0.1.2-alpha.5':
    resolution: {integrity: sha512-po0FJyAmOQM/pUUR3eIOPdM4aDODAt9NvS8p8/Y0PJ7gvisRYL4oqXyEk8y9nbryfEnNJNSOaxv/maBdmeHpGQ==}
    peerDependencies:
      '@deepseek-ai/cordis': ^4.0.2

  '@deepseek-ai/dsh-scope@0.1.2-alpha.5':
    resolution: {integrity: sha512-uWPbN6//COBRgjQZkp09h3A2A4vBBFr/VE2TdZ9epdiroSa5l6QByyPGXi5i6gCPj5pB8q1TXIqhzyhr/CUGig==}
    peerDependencies:
      '@deepseek-ai/cordis': ^4.0.2
      '@deepseek-ai/dsh-invariants': ^0.1.2-alpha.5

  '@deepseek-ai/dsh-session@0.1.2-alpha.5':
    resolution: {integrity: sha512-GOjXnU82ROSKZxPi765EvbNC5b5zsKajY+r1UpDVLrvLJO9lqLMFAc2SgO9M0kFl6DYHV2j5L7yAemajTDqqAA==}
    peerDependencies:
      '@deepseek-ai/cordis': ^4.0.2
      '@deepseek-ai/dsh-scope': ^0.1.2-alpha.5

  '@deepseek-ai/dsh-system-prompt@0.1.2-alpha.5':
    resolution: {integrity: sha512-SBg0hQB+0ulXHZZ6tFQcvieZzpI9/z9ij7pkrpj2AX7EbZbLfa+vVn0NG6lfGz4ZWpoMDzlVBAbXJqyda/8W1g==}
    peerDependencies:
      '@deepseek-ai/cordis': ^4.0.2
      '@deepseek-ai/dsh-invariants': ^0.1.2-alpha.5
      '@deepseek-ai/dsh-llm': ^0.1.2-alpha.5
      '@deepseek-ai/dsh-scope': ^0.1.2-alpha.5

  '@deepseek-ai/dsh-timeout@0.1.2-alpha.5':
    resolution: {integrity: sha512-CRz+ssho5Qi4hdw1lh/ISeegvbcIkG0tZgjgkMGrhtkSQcXJQRn0qCHU0apYk+lEsTZLooEsNGXEoHStMDc8LQ==}
    peerDependencies:
      '@deepseek-ai/cordis': ^4.0.2

  '@deepseek-ai/dsh-tools@0.1.2-alpha.5':
    resolution: {integrity: sha512-ay1dNbDawfphNgHBIpewesNp46Bl4c9iAB4Ul+nzjhTozULbLbKbHfN6RPhvk4dfnoYjXKeMU4gOTNP1Tr3vNA==}
    peerDependencies:
      '@deepseek-ai/cordis': ^4.0.2
      '@deepseek-ai/dsh-agent': ^0.1.2-alpha.5
      '@deepseek-ai/dsh-code-runtime': ^0.1.2-alpha.5
      '@deepseek-ai/dsh-invariants': ^0.1.2-alpha.5
      '@deepseek-ai/dsh-llm': ^0.1.2-alpha.5
      '@deepseek-ai/dsh-scope': ^0.1.2-alpha.5
      '@deepseek-ai/dsh-session': ^0.1.2-alpha.5
      '@deepseek-ai/dsh-system-prompt': ^0.1.2-alpha.5
      '@deepseek-ai/dsh-user-approval': ^0.1.2-alpha.5

  '@deepseek-ai/dsh-typert-protocol@0.1.2-alpha.5':
    resolution: {integrity: sha512-9+THodbDJuRCa5PF5sglO+aDCKyCmDmKNlg7VqMflUcmudSdGfcGteivgNXxKaQkYncL4DbYwqRsw5S0/iHeHw==}
    peerDependencies:
      '@deepseek-ai/cordis': ^4.0.2

  '@deepseek-ai/dsh-user-approval@0.1.2-alpha.5':
    resolution: {integrity: sha512-9TwAwI3JKCrz7iLahO58RWZHieNG0pNMrDdXQjoahDxmKBo0jfk/w9J0Fxh8o9ZPiIdyXR1dr2JvLJjucp6qeA==}
    peerDependencies:
      '@deepseek-ai/cordis': ^4.0.2
      '@deepseek-ai/dsh-agent': ^0.1.2-alpha.5
      '@deepseek-ai/dsh-brand': ^0.1.2-alpha.5
      '@deepseek-ai/dsh-invariants': ^0.1.2-alpha.5
      '@deepseek-ai/dsh-llm': ^0.1.2-alpha.5
      '@deepseek-ai/dsh-scope': ^0.1.2-alpha.5
      '@deepseek-ai/dsh-session': ^0.1.2-alpha.5
      '@deepseek-ai/dsh-system-prompt': ^0.1.2-alpha.5

  '@deepseek-ai/dsh-util-crypto@0.1.2-alpha.5':
    resolution: {integrity: sha512-E7MnetX+Gt1DuIkf2mrGfoF/yFGzyvueDJxLX7SdiCr1CEZ2z24dz5I0NkU4k1I4XkCMmt6QbbaGfmCcqCFdUw==}
    peerDependencies:
      '@deepseek-ai/cordis': ^4.0.2

  '@deepseek-ai/dsh-util-values@0.1.2-alpha.5':
    resolution: {integrity: sha512-1rhtBUw5exfiuws3MkpXU07k0wcdV9tFSGf6FrUoFrD0KzqLUN5N3lNrgL8BDjRml9ihtYh/3i0pJhfuEvZ+7w==}
    peerDependencies:
      '@deepseek-ai/cordis': ^4.0.2

  '@deepseek-ai/schemastery@3.18.2':
    resolution: {integrity: sha512-njDtZsznjYxok7KLLlHOPyuv2efdWVbSflAHgztSfbMsg+CVraEoRe2DjOCgClYv3ZCSm7WXoaUkbB/+RY7tWQ==}

  '@oxc-project/types@0.148.0':
    resolution: {integrity: sha512-Nm4s/jB+4FpFsPhWGEC4h7rzksesmtnMXomo6rCMcg/b8zLQuOziRgkCS1fxDCXOlJB/6Q8oABOZ/OP6RIPj9A==}

  '@quansync/fs@1.0.0':
    resolution: {integrity: sha512-4TJ3DFtlf1L5LDMaM6CanJ/0lckGNtJcMjQ1NAV6zDmA0tEHKZtxNKin8EgPaVX1YzljbxckyT2tJrpQKAtngQ==}

  '@rolldown/binding-android-arm-eabi@1.2.7':
    resolution: {integrity: sha512-EypzgnYCwyVY4NDHKzGmNJT5b+XaQEBniHxsMdeIQLB/tcCzZnhqrzHpZFbX9iaxx+5RiB8caATBtfvZP7zVxQ==}
    engines: {node: ^20.19.0 || >=22.12.0}
    cpu: [arm]
    os: [android]

  '@rolldown/binding-android-arm64@1.2.7':
    resolution: {integrity: sha512-l17HE9EweWaqJZhuUuNBN/FzM62xw+DECVnJyvMsxn8vJFAGLy5QfLDoYAcronkAN8VxKZHezDpulHDPx95vFw==}
    engines: {node: ^20.19.0 || >=22.12.0}
    cpu: [arm64]
    os: [android]

  '@rolldown/binding-darwin-arm64@1.2.7':
    resolution: {integrity: sha512-8ED8ELFvHXc6OCETIn4gXObPiaR6bckM/ipXtbzlPVDRMBfEGjCKgO90F9YtfdpDatVx/ZQw7aZ1vUMf/+T3Mw==}
    engines: {node: ^20.19.0 || >=22.12.0}
    cpu: [arm64]
    os: [darwin]

  '@rolldown/binding-darwin-x64@1.2.7':
    resolution: {integrity: sha512-/WPripjtiAIZ2tWY7ddijORT0Ujg87wxWW/qcoFVCKAWVDPhtY0xr7Dj0M3GyNGz60jGwTElhro/mkF9dT7dDQ==}
    engines: {node: ^20.19.0 || >=22.12.0}
    cpu: [x64]
    os: [darwin]

  '@rolldown/binding-freebsd-x64@1.2.7':
    resolution: {integrity: sha512-14DI4NcqpvbICxSnGLx3PmtDaWqRP/KGSGb6C+JLLVPeZRl6dKdHba3pGsqT3vpdTqhEYIPG0MMQ8c0xYqoJxA==}
    engines: {node: ^20.19.0 || >=22.12.0}
    cpu: [x64]
    os: [freebsd]

  '@rolldown/binding-linux-arm-gnueabihf@1.2.7':
    resolution: {integrity: sha512-bxrWIRvHWQvbJwi+VIie/kDJmQxcNE6xxWwZdqF/ExVAigtHkv54WTLQPb+QsZdnFy18fg7JPfWGL0RH6vwIlQ==}
    engines: {node: ^20.19.0 || >=22.12.0}
    cpu: [arm]
    os: [linux]

  '@rolldown/binding-linux-arm64-gnu@1.2.7':
    resolution: {integrity: sha512-toOY2BChBZyuxU7OYX6Tn389di4IzAqPTycVcci0O7FSfBqzRB3RZn+K5Is6ANf4tmgRd/K1yZTsNTXbkXsnLg==}
    engines: {node: ^20.19.0 || >=22.12.0}
    cpu: [arm64]
    os: [linux]
    libc: [glibc]

  '@rolldown/binding-linux-arm64-musl@1.2.7':
    resolution: {integrity: sha512-lAIXTH/aiLRLxsTgQvfhjo4K1ydWIp00+V0voOr9beb/9ZmkUFrSIb03dXNFRgMNvkE6oGsF10ioQ6UsI+vS5Q==}
    engines: {node: ^20.19.0 || >=22.12.0}
    cpu: [arm64]
    os: [linux]
    libc: [musl]

  '@rolldown/binding-linux-ppc64-gnu@1.2.7':
    resolution: {integrity: sha512-kdnwS28Pkenp/mZMRwjXXXwxQ7pIsm+bF919LUK93BOyhcLsrVKdP2p9fxpiPNPAbNuch8ypQt0pm2P2LYCAGg==}
    engines: {node: ^20.19.0 || >=22.12.0}
    cpu: [ppc64]
    os: [linux]
    libc: [glibc]

  '@rolldown/binding-linux-s390x-gnu@1.2.7':
    resolution: {integrity: sha512-516OdsyLdr5E65paF3yBF55t8mfm9+gmtCsK3xI7XKXIT7EfRlHhxL8K/NR6Hu8BWSgF5+1w74lTL0+nxcc8Qw==}
    engines: {node: ^20.19.0 || >=22.12.0}
    cpu: [s390x]
    os: [linux]
    libc: [glibc]

  '@rolldown/binding-linux-x64-gnu@1.2.7':
    resolution: {integrity: sha512-r8/z8n7GFaYRln3xmP1Cxy0HH/HLM0uBUPkEuSVEfKGDA89M0FsZRZJRSwe/tJjRx+fpH/gjorfhB8tmEbSFLA==}
    engines: {node: ^20.19.0 || >=22.12.0}
    cpu: [x64]
    os: [linux]
    libc: [glibc]

  '@rolldown/binding-linux-x64-musl@1.2.7':
    resolution: {integrity: sha512-pAsE8iiDxUg1xBqdhrTfg45AVDVpirjz00sblEYClGNNcMnDb+e8beQgqIAw6LvauX/APvgxUnwrgun/YYGBhw==}
    engines: {node: ^20.19.0 || >=22.12.0}
    cpu: [x64]
    os: [linux]
    libc: [musl]

  '@rolldown/binding-openharmony-arm64@1.2.7':
    resolution: {integrity: sha512-lTcIYmmnQQA8Or/2DatS6oSqcdLHvendjS+zLu+FwgToynWMRSmQdpM65fTANJgIS4mjbMOo5KT2lnT9SAb96w==}
    engines: {node: ^20.19.0 || >=22.12.0}
    cpu: [arm64]
    os: [openharmony]

  '@rolldown/binding-win32-arm64-msvc@1.2.7':
    resolution: {integrity: sha512-e3Gu3WxbNk/UqQhxqU7YIYO+9ZBvWNz3U+h/qRFosscMFzdRPbXYSaSWgSnklv2fz1TgzBTcti2z35c/7irsHw==}
    engines: {node: ^20.19.0 || >=22.12.0}
    cpu: [arm64]
    os: [win32]

  '@rolldown/binding-win32-x64-msvc@1.2.7':
    resolution: {integrity: sha512-W/jg5qoRSqjsEv0+dZi4e687mcHqmVuU0P4fK6qS/xjetW2Gmc1W8j//z5nAeNcC8Ttm0hV46IjcYeuVwYhuiw==}
    engines: {node: ^20.19.0 || >=22.12.0}
    cpu: [x64]
    os: [win32]

  '@rolldown/pluginutils@1.0.1':
    resolution: {integrity: sha512-2j9bGt5Jh8hj+vPtgzPtl72j0yRxHAyumoo6TNfAjsLB04UtpSvPbPcDcBMxz7n+9CYB0c1GxQFxYRg2jimqGw==}

  '@standard-schema/spec@1.1.0':
    resolution: {integrity: sha512-l2aFy5jALhniG5HgqrD6jXLi/rUWrKvqN/qJx6yoJsgKhblVd+iqqU4RCXavm/jPityDo5TCvKMnpjKnOriy0w==}

  '@types/node@22.20.1':
    resolution: {integrity: sha512-EANqOCF9QFyra+4pfxUcX9STKJpCLjMbObVzljIJomAWSnuSIEAvyzEU53GaajbXJEgdh0iEcPL+DGvpUd4k1Q==}

  '@types/prop-types@15.7.15':
    resolution: {integrity: sha512-F6bEyamV9jKGAFBEmlQnesRPGOQqS2+Uwi0Em15xenOxHaf2hv6L8YCVn3rPdPJOiJfPiCnLIRyvwVaqMY3MIw==}

  '@types/react-dom@18.3.0':
    resolution: {integrity: sha512-EhwApuTmMBmXuFOikhQLIBUn6uFg81SwLMOAUgodJF14SOBOCMdU04gDoYi0WOJJHD144TL32z4yDqCW3dnkQg==}

  '@types/react@18.3.31':
    resolution: {integrity: sha512-vfEqpXTvwT91yhmwdfouStN2hSKwTvyRs8qpLfADyrq/kxDw0hZM7Wk9Ug1FELj8hIby+S/+kQCSRFF32nv2Qw==}

  '@yuku-codegen/binding-android-arm64@0.8.7':
    resolution: {integrity: sha512-C/0zV5IhgVdYhGJTwrY0v8dknxlhiKwtVJkMUaexu9/QvRmzlV4vfU3hZlUSgqc2BxQHntL1mCVbDq8j0FRFDw==}
    cpu: [arm64]
    os: [android]

  '@yuku-codegen/binding-darwin-arm64@0.8.7':
    resolution: {integrity: sha512-/u+REDMI4a0/lsJXTM4c53/w31OGZLOReZIyg62uhgLs0kc8NHsj/nOcxTdlQjq5gi0zhdkccD9LaLTXcdzPvw==}
    cpu: [arm64]
    os: [darwin]

  '@yuku-codegen/binding-darwin-x64@0.8.7':
    resolution: {integrity: sha512-sMMzFOwCo4WXR+/6zIBThOocSC50iIIZZdfiIDbaLvj0Ax/rWt/iavyfEAqajyvzydLyCqR/ZItdLWSRlu1umw==}
    cpu: [x64]
    os: [darwin]

  '@yuku-codegen/binding-freebsd-x64@0.8.7':
    resolution: {integrity: sha512-MpdpKXix9P+Y1rKgjvcNeNtGjXeL1CmttNhYINrWls8kRpm4xM/oBGTmn6w7to8lAlwj5jm8q03dQPl5mRv4Qw==}
    cpu: [x64]
    os: [freebsd]

  '@yuku-codegen/binding-linux-arm-gnu@0.8.7':
    resolution: {integrity: sha512-rr1srFLlPAmC1vtxfc9C1YLDe3iH09YjfSeeIidBqKhzx1MATjOAq4mjlRUOnhr/L27MotWIYOFKwVsd5JZFOg==}
    cpu: [arm]
    os: [linux]
    libc: [glibc]

  '@yuku-codegen/binding-linux-arm-musl@0.8.7':
    resolution: {integrity: sha512-eAufXh8qBRpiSO6ueaMDL+yyoXIGLhpUce72YbcACtZU2qhExwBIJyEtQf5kH2Ki0X2aqkSjSfog4OPtKXan3Q==}
    cpu: [arm]
    os: [linux]
    libc: [musl]

  '@yuku-codegen/binding-linux-arm64-gnu@0.8.7':
    resolution: {integrity: sha512-gw4w6wPoHObBrdIC4duVWLmJOvpdE25j5D7yrM5mACNlK4klRz/lv8hK+ssQk9EJHBgZjSaqZIJVFgqNYbfv7A==}
    cpu: [arm64]
    os: [linux]
    libc: [glibc]

  '@yuku-codegen/binding-linux-arm64-musl@0.8.7':
    resolution: {integrity: sha512-L68N6Y4XkqcIaKo3Ra88JEvBEH4AHff44A4INcrxeVWZ8CZtu2tCpfVxe3hR8qQQMcvBSQlDn24KpkCKEhVvfA==}
    cpu: [arm64]
    os: [linux]
    libc: [musl]

  '@yuku-codegen/binding-linux-x64-gnu@0.8.7':
    resolution: {integrity: sha512-dzyAbltJmf3Cqlb8HcFuYIf5Yn0fl1vTr3XJ9HiVNNvOlhqPSArOqtw9vI1p6/VTXTjrMLXlU+s+/kNHiIy/Cw==}
    cpu: [x64]
    os: [linux]
    libc: [glibc]

  '@yuku-codegen/binding-linux-x64-musl@0.8.7':
    resolution: {integrity: sha512-Otw4MH3404q0Bbvl+YTdW9aoUV5vXmUw8260bWvt1XlaoIX/ceSgI4ygheRDMfBPoHt6FDayQaO9OLVUZAgkFA==}
    cpu: [x64]
    os: [linux]
    libc: [musl]

  '@yuku-codegen/binding-win32-arm64@0.8.7':
    resolution: {integrity: sha512-qo/jyrzryiBuKEsFiuWaBCBe3tRMynQ0qFWFgOEjcCMQeZfBm+wKiVEUEFXXLc7bh8YezguAWp0Mtnhq4ARNyA==}
    cpu: [arm64]
    os: [win32]

  '@yuku-codegen/binding-win32-x64@0.8.7':
    resolution: {integrity: sha512-D5lDsVDx6m00E6bWySlWdH72Ca4TPSaphDqB6QjU6MpuNLIJqoGoatYyq2rOmBE8Zv/kunot/o58KGL03P3eiA==}
    cpu: [x64]
    os: [win32]

  '@yuku-parser/binding-android-arm64@0.8.7':
    resolution: {integrity: sha512-eGKYiUDX7Y0V7tDTmg+JTVnXnjMqfXXsorZ+EDf5kxwchQ3Or1HS14MzI2fw+jFhHR85fCWt+mtX33Yao73hIQ==}
    cpu: [arm64]
    os: [android]

  '@yuku-parser/binding-darwin-arm64@0.8.7':
    resolution: {integrity: sha512-Re0RHelKLnjEURulY2/KxW+Ngb8zuNA4BRZuMwgGQNzVumT6u4U2N2hc01oeYVNVof0i7GrXE4UCNBgbpRRnjQ==}
    cpu: [arm64]
    os: [darwin]

  '@yuku-parser/binding-darwin-x64@0.8.7':
    resolution: {integrity: sha512-Hn8DROtQkjlA1ACbPgj4a7eP9IuVOI504oiTwpkWPbpaDWD9KdmnVYCqW+1LfenNK/g7O9NhWGpXEdaCNX7lIA==}
    cpu: [x64]
    os: [darwin]

  '@yuku-parser/binding-freebsd-x64@0.8.7':
    resolution: {integrity: sha512-bAP2OV8wRuzplX/jYxv9+vvqQT8JxyNphI8fLfXGL054Xs+4/J5u33cIm3y4rxY8rdoLmmdiJs2Tq7r7lrDRfA==}
    cpu: [x64]
    os: [freebsd]

  '@yuku-parser/binding-linux-arm-gnu@0.8.7':
    resolution: {integrity: sha512-kTYwJQQgmZeAWdDIWabiReIZMpmfLueIj1tCmjStUtFGhR1Z0qwxonKVfUC4N7h/VhGGzLZ//7O1kgt1QKqgCg==}
    cpu: [arm]
    os: [linux]
    libc: [glibc]

  '@yuku-parser/binding-linux-arm-musl@0.8.7':
    resolution: {integrity: sha512-uL4jE8HPT2BLlxAXyD10LqgPuXa9eDa0BKpCdSANmzIJghq/2eZo3/gQNtaxPZMupWoxjYzSad9IXrwu7aYPXQ==}
    cpu: [arm]
    os: [linux]
    libc: [musl]

  '@yuku-parser/binding-linux-arm64-gnu@0.8.7':
    resolution: {integrity: sha512-3gVN4pWSKZmXiNX7cU164dR9MPvesCHnlH6nPfpK+yQsCuYphjKKplcb4SnZBrhiqmXbgb2HR0c2TS0IZUPhgA==}
    cpu: [arm64]
    os: [linux]
    libc: [glibc]

  '@yuku-parser/binding-linux-arm64-musl@0.8.7':
    resolution: {integrity: sha512-S0mwfEjoLpxzXeZw802Wa4RaELsQiPtWqG6INcy8j4GtvNFtl4LCX3eGO1XLn9pyLAISLzTRyU3zUCBUPin8lg==}
    cpu: [arm64]
    os: [linux]
    libc: [musl]

  '@yuku-parser/binding-linux-x64-gnu@0.8.7':
    resolution: {integrity: sha512-lnbWdPmerE5D1uH1G4IEZKnPzCrWCStRGrtgpSIe1RibAo5bZIjDbbbPYXmMHCEh4F+x/JaJpElh26a3r+BPbg==}
    cpu: [x64]
    os: [linux]
    libc: [glibc]

  '@yuku-parser/binding-linux-x64-musl@0.8.7':
    resolution: {integrity: sha512-769uwndMvMzUvATWbAcEvyLHKA+DzhHSCl/obBUrRdYfRo26yxui6S8y3z7uJ+Naup7UKrDxrpK7OnQkxkl9KQ==}
    cpu: [x64]
    os: [linux]
    libc: [musl]

  '@yuku-parser/binding-win32-arm64@0.8.7':
    resolution: {integrity: sha512-mEB/9PlaAkisJ6KWGz0zvywXoU6+80dTlR2LwS7s/jcXXoU6fm2+sitBZXtqu3+Q4DcDgPxM45uWMCzPs0TSRw==}
    cpu: [arm64]
    os: [win32]

  '@yuku-parser/binding-win32-x64@0.8.7':
    resolution: {integrity: sha512-8vNB2DP0ou61nGb8tc/qfi41gfyDXz1MHr2zqL3nR+cJ6CEbiuWV/l/a/vv151gCgiZLLAyGkQGENpozdg716w==}
    cpu: [x64]
    os: [win32]

  '@yuku-toolchain/types@0.8.7':
    resolution: {integrity: sha512-2Z53dNxAJL6UvFoIrDZvYf3zlO8s4VJK4O2hhaB4mXVwwpX/7ajtss3cmfqKvamlNLWyt9FSWs4eoYdlbxpnHA==}

  ansis@4.3.1:
    resolution: {integrity: sha512-BJ8/l4R5LRE7hW9WdSuGYrLSHi2ynxeFpDFbH0K/CgNeY/tyhk+vO6TYxXC5r5CpUhNVX310xzPsN/H9lCdfOA==}
    engines: {node: '>=14'}

  cac@7.0.0:
    resolution: {integrity: sha512-tixWYgm5ZoOD+3g6UTea91eow5z6AAHaho3g0V9CNSNb45gM8SmflpAc+GRd1InC4AqN/07Unrgp56Y94N9hJQ==}
    engines: {node: '>=20.19.0'}

  csstype@3.2.3:
    resolution: {integrity: sha512-z1HGKcYy2xA8AGQfwrn0PAy+PB7X/GSj3UVJW9qKyn43xWa+gl5nXmU4qqLMRzWVLFC8KusUX8T/0kCiOYpAIQ==}

  defu@6.1.7:
    resolution: {integrity: sha512-7z22QmUWiQ/2d0KkdYmANbRUVABpZ9SNYyH5vx6PZ+nE5bcC0l7uFvEfHlyld/HcGBFTL536ClDt3DEcSlEJAQ==}

  dts-resolver@3.0.0:
    resolution: {integrity: sha512-1T1f+z+4tl9XD+m+0HBgWoL/nm0bOIffyWaUuUSBlFg/86IWvfx+wjNaO/ybU0AJzG9/Mi5hBUgGV6zCmWEN7Q==}
    engines: {node: ^22.18.0 || >=24.0.0}
    peerDependencies:
      oxc-resolver: '>=11.0.0'
    peerDependenciesMeta:
      oxc-resolver:
        optional: true

  empathic@2.0.1:
    resolution: {integrity: sha512-YGRs8knHhKHVShLkFET/rWAU8kmHbOV5LwN938RHI0pljAJ1Gf6SzXsSmRaEzcXTtOOmVqJ5+WtQPL5uigY50Q==}
    engines: {node: '>=14'}

  fdir@6.5.0:
    resolution: {integrity: sha512-tIbYtZbucOs0BRGqPJkshJUYdL+SDH7dVM8gjy+ERp3WAUjLEFJE+02kanyHtwjWOnwrKYBiwAmM0p4kLJAnXg==}
    engines: {node: '>=12.0.0'}
    peerDependencies:
      picomatch: ^3 || ^4
    peerDependenciesMeta:
      picomatch:
        optional: true

  get-tsconfig@5.0.0-beta.5:
    resolution: {integrity: sha512-/6gFNr0N04nob252sTQxyFLi3eKFRqIg1I87YcqAMT1i6SQrSF6KujUEQrtrjMV0H/eejTCltLdDSTEMzHbnsQ==}
    engines: {node: '>=20.20.0'}

  hookable@6.1.1:
    resolution: {integrity: sha512-U9LYDy1CwhMCnprUfeAZWZGByVbhd54hwepegYTK7Pi5NvqEj63ifz5z+xukznehT7i6NIZRu89Ay1AZmRsLEQ==}

  import-without-cache@0.4.0:
    resolution: {integrity: sha512-NkJQA7oZ4YHQhd2+H3BoRFKF3d/XNsiKpHZCQEMH9pDX27hQQLsTyOocyRgaIVtf8gHX3Nt3LPkR4e5EdtPAGQ==}
    engines: {node: ^22.18.0 || >=24.0.0}

  obug@2.1.4:
    resolution: {integrity: sha512-4a+OsYv9UktOJKE+l1A4OufDgdRF9PifWj+tJnHURo/P+WOxpG4GzUFL9qCalmWauao6ogiG+QvnCovwPoyAWA==}
    engines: {node: '>=12.20.0'}

  picomatch@4.0.7:
    resolution: {integrity: sha512-qcJu88Q2IWqJsDD529JKMdwGm/dvInW4HvQnRwiH9JtihJvzGOscDtHE3x1pBKeUOTysQ8kVmLnJ2kJu7yhcGA==}
    engines: {node: '>=12'}

  quansync@1.0.0:
    resolution: {integrity: sha512-5xZacEEufv3HSTPQuchrvV6soaiACMFnq1H8wkVioctoH3TRha9Sz66lOxRwPK/qZj7HPiSveih9yAyh98gvqA==}

  react@19.2.8:
    resolution: {integrity: sha512-PWaYA1L/q9u2u7xYQi+Y3L3Yfnie7XyLeaJICV1MGD6LprsBxcAqGjYyr0eY3p+QdsA+x/Irkt4Qif8D63+Sbw==}
    engines: {node: '>=0.10.0'}

  resolve-pkg-maps@1.0.0:
    resolution: {integrity: sha512-seS2Tj26TBVOC2NIc2rOe2y2ZO7efxITtLZcGSOnHHNOQ7CkiUBfw0Iw2ck6xkIhPwLhKNLS8BO+hEpngQlqzw==}

  rolldown-plugin-dts@0.27.14:
    resolution: {integrity: sha512-ZvuDDwoIpRK9RPxDXratCpklFO9QZZWndf/sd0VBFb4LEj0jj07UcHK9OCh7V4XiFz2Z89ziyBC2K6tJiDjrbw==}
    engines: {node: ^22.18.0 || >=24.11.0}
    peerDependencies:
      '@typescript/native-preview': '*'
      '@volar/typescript': ~2.4.0
      rolldown: ^1.0.0
      typescript: ^5.0.0 || ^6.0.0 || ~7.0.0
      vue-tsc: ~3.2.0 || ~3.3.0
    peerDependenciesMeta:
      '@typescript/native-preview':
        optional: true
      '@volar/typescript':
        optional: true
      typescript:
        optional: true
      vue-tsc:
        optional: true

  rolldown@1.2.7:
    resolution: {integrity: sha512-g0EtLvBjTUB7jhyV0S/TCup3v/XSVl45vUIGbOGU4QPiyjTenCe4mKuFvW9fEgYmS2Fo42AUssRmNuMziXdrig==}
    engines: {node: ^20.19.0 || >=22.12.0}
    hasBin: true

  tinyexec@1.3.0:
    resolution: {integrity: sha512-QKAl9m8gWWGHV8jZcPeym6j+XULi6tOf1mT83WYJ4Lk2ytW/uwAWkrP0uFsdoYMdueVJ0qs26wZ+23xeB4ibNQ==}
    engines: {node: '>=18'}

  tinyglobby@0.2.17:
    resolution: {integrity: sha512-wXR/dYpcqKmfWpEdZjiKJOwCNFndD0DMnrW/cYjVGttEkBfVgcLFHoNrlj47mjOVic9yyNu65alsgF4NQyTa2g==}
    engines: {node: '>=12.0.0'}

  tree-kill@1.2.2:
    resolution: {integrity: sha512-L0Orpi8qGpRG//Nd+H90vFB+3iHnue1zSSGmNOOCh1GLJ7rUKVwV2HvijphGQS2UmhUZewS9VgvxYIdgr+fG1A==}
    hasBin: true

  tsdown@0.22.14:
    resolution: {integrity: sha512-ule7Y+fsAN2iZbLDoo7C4KYljFJNJJ+fLshyn+9gozeTspVersWHxwdGB+Dm2hzA38s6muFnUTl0jK3vJm9ifQ==}
    engines: {node: ^22.18.0 || >=24.11.0}
    hasBin: true
    peerDependencies:
      '@arethetypeswrong/core': ^0.18.1
      '@tsdown/css': 0.22.14
      '@tsdown/exe': 0.22.14
      '@vitejs/devtools': '*'
      publint: ^0.3.8
      tsx: '*'
      typescript: ^5.0.0 || ^6.0.0 || ^7.0.0
      unplugin-unused: ^0.5.0
      unrun: '*'
    peerDependenciesMeta:
      '@arethetypeswrong/core':
        optional: true
      '@tsdown/css':
        optional: true
      '@tsdown/exe':
        optional: true
      '@vitejs/devtools':
        optional: true
      publint:
        optional: true
      tsx:
        optional: true
      typescript:
        optional: true
      unplugin-unused:
        optional: true
      unrun:
        optional: true

  typescript@5.4.2:
    resolution: {integrity: sha512-+2/g0Fds1ERlP6JsakQQDXjZdZMM+rqpamFZJEKh4kwTIn3iDkgKtby0CeNd5ATNZ4Ry1ax15TMx0W2V+miizQ==}
    engines: {node: '>=14.17'}
    hasBin: true

  unconfig-core@7.5.0:
    resolution: {integrity: sha512-Su3FauozOGP44ZmKdHy2oE6LPjk51M/TRRjHv2HNCWiDvfvCoxC2lno6jevMA91MYAdCdwP05QnWdWpSbncX/w==}

  undici-types@6.21.0:
    resolution: {integrity: sha512-iwDZqg0QAGrg9Rav5H4n0M64c3mkR59cJ6wQp+7C4nI0gsmExaedaYLNO44eT4AtBBwjbTiGPMlt2Md0T9H9JQ==}

  verkit@0.3.2:
    resolution: {integrity: sha512-zj/ob3UsvJGN0whEAKFp53REA5X66hvffVqoCtVQAakJKnKlH+/PcOfMoFwIG/o4rElqLv/ycAFlx8ZlXUorCg==}
    engines: {node: '>=18.12.0'}

  yuku-ast@0.8.7:
    resolution: {integrity: sha512-h6+4bDfyootiMB9vckk5uKo5r5j0GHrkr17FQTDNfEsFT3DWlN9uu1HJwQwc64pgmLCI945fWM3lbTIqxjT3GQ==}

  yuku-codegen@0.8.7:
    resolution: {integrity: sha512-adwDZSh8oVDzhE6Du9PwVWxcOxeV0e2EVhUuMKWfhSY4wkrDq9eqixlxFF3l/XGUV1E7UFzhpz9393MUumkyNw==}

  yuku-parser@0.8.7:
    resolution: {integrity: sha512-vRD9nwt4L3aYpxNqeSC4WqLv58xrXef0Ong1Mc45CTXTIpvLafx7JO05sczmQZwdLEZvywrLOGdNC5+Rp5N1BQ==}

  zod@4.5.4:
    resolution: {integrity: sha512-sC95tT5iHHH9gtpj6A81kh+NEaRAUFN+qlUPDUbRfOMvNf5QCBqsb3WgvnpVtK5Y+4UfA6KqufotuTvMGiTlsA==}

snapshots:

  '@deepseek-ai/cordis@4.0.2':
    dependencies:
      '@deepseek-ai/cosmokit': 1.8.3
      '@standard-schema/spec': 1.1.0

  '@deepseek-ai/cosmokit@1.8.3': {}

  '@deepseek-ai/dsh-agent@0.1.0-rc.6(@deepseek-ai/cordis@4.0.2)(@deepseek-ai/dsh-invariants@0.1.2-alpha.5(@deepseek-ai/cordis@4.0.2))(@deepseek-ai/dsh-llm@0.1.2-alpha.5(@deepseek-ai/cordis@4.0.2))(@deepseek-ai/dsh-scope@0.1.2-alpha.5(@deepseek-ai/cordis@4.0.2)(@deepseek-ai/dsh-invariants@0.1.2-alpha.5(@deepseek-ai/cordis@4.0.2)))(@deepseek-ai/dsh-session@0.1.2-alpha.5(@deepseek-ai/cordis@4.0.2)(@deepseek-ai/dsh-scope@0.1.2-alpha.5(@deepseek-ai/cordis@4.0.2)(@deepseek-ai/dsh-invariants@0.1.2-alpha.5(@deepseek-ai/cordis@4.0.2))))(@deepseek-ai/dsh-system-prompt@0.1.2-alpha.5(@deepseek-ai/cordis@4.0.2)(@deepseek-ai/dsh-invariants@0.1.2-alpha.5(@deepseek-ai/cordis@4.0.2))(@deepseek-ai/dsh-llm@0.1.2-alpha.5(@deepseek-ai/cordis@4.0.2))(@deepseek-ai/dsh-scope@0.1.2-alpha.5(@deepseek-ai/cordis@4.0.2)(@deepseek-ai/dsh-invariants@0.1.2-alpha.5(@deepseek-ai/cordis@4.0.2))))(@deepseek-ai/dsh-typert-protocol@0.1.2-alpha.5(@deepseek-ai/cordis@4.0.2))':
    dependencies:
      '@deepseek-ai/cordis': 4.0.2
      '@deepseek-ai/dsh-invariants': 0.1.2-alpha.5(@deepseek-ai/cordis@4.0.2)
      '@deepseek-ai/dsh-llm': 0.1.2-alpha.5(@deepseek-ai/cordis@4.0.2)
      '@deepseek-ai/dsh-scope': 0.1.2-alpha.5(@deepseek-ai/cordis@4.0.2)(@deepseek-ai/dsh-invariants@0.1.2-alpha.5(@deepseek-ai/cordis@4.0.2))
      '@deepseek-ai/dsh-session': 0.1.2-alpha.5(@deepseek-ai/cordis@4.0.2)(@deepseek-ai/dsh-scope@0.1.2-alpha.5(@deepseek-ai/cordis@4.0.2)(@deepseek-ai/dsh-invariants@0.1.2-alpha.5(@deepseek-ai/cordis@4.0.2)))
      '@deepseek-ai/dsh-system-prompt': 0.1.2-alpha.5(@deepseek-ai/cordis@4.0.2)(@deepseek-ai/dsh-invariants@0.1.2-alpha.5(@deepseek-ai/cordis@4.0.2))(@deepseek-ai/dsh-llm@0.1.2-alpha.5(@deepseek-ai/cordis@4.0.2))(@deepseek-ai/dsh-scope@0.1.2-alpha.5(@deepseek-ai/cordis@4.0.2)(@deepseek-ai/dsh-invariants@0.1.2-alpha.5(@deepseek-ai/cordis@4.0.2)))
      '@deepseek-ai/dsh-typert-protocol': 0.1.2-alpha.5(@deepseek-ai/cordis@4.0.2)

  '@deepseek-ai/dsh-brand@0.1.2-alpha.5(@deepseek-ai/cordis@4.0.2)':
    dependencies:
      '@deepseek-ai/cordis': 4.0.2

  '@deepseek-ai/dsh-code-runtime@0.1.2-alpha.5(@deepseek-ai/cordis@4.0.2)':
    dependencies:
      '@deepseek-ai/cordis': 4.0.2

  '@deepseek-ai/dsh-invariants@0.1.2-alpha.5(@deepseek-ai/cordis@4.0.2)':
    dependencies:
      '@deepseek-ai/cordis': 4.0.2
      '@deepseek-ai/schemastery': 3.18.2

  '@deepseek-ai/dsh-llm@0.1.2-alpha.5(@deepseek-ai/cordis@4.0.2)':
    dependencies:
      '@deepseek-ai/cordis': 4.0.2
      '@deepseek-ai/dsh-brand': 0.1.2-alpha.5(@deepseek-ai/cordis@4.0.2)
      '@deepseek-ai/dsh-timeout': 0.1.2-alpha.5(@deepseek-ai/cordis@4.0.2)
      '@deepseek-ai/dsh-typert-protocol': 0.1.2-alpha.5(@deepseek-ai/cordis@4.0.2)
      '@deepseek-ai/dsh-util-crypto': 0.1.2-alpha.5(@deepseek-ai/cordis@4.0.2)
      '@deepseek-ai/dsh-util-values': 0.1.2-alpha.5(@deepseek-ai/cordis@4.0.2)
      '@deepseek-ai/schemastery': 3.18.2
      zod: 4.5.4

  '@deepseek-ai/dsh-scope@0.1.2-alpha.5(@deepseek-ai/cordis@4.0.2)(@deepseek-ai/dsh-invariants@0.1.2-alpha.5(@deepseek-ai/cordis@4.0.2))':
    dependencies:
      '@deepseek-ai/cordis': 4.0.2
      '@deepseek-ai/dsh-invariants': 0.1.2-alpha.5(@deepseek-ai/cordis@4.0.2)

  '@deepseek-ai/dsh-session@0.1.2-alpha.5(@deepseek-ai/cordis@4.0.2)(@deepseek-ai/dsh-scope@0.1.2-alpha.5(@deepseek-ai/cordis@4.0.2)(@deepseek-ai/dsh-invariants@0.1.2-alpha.5(@deepseek-ai/cordis@4.0.2)))':
    dependencies:
      '@deepseek-ai/cordis': 4.0.2
      '@deepseek-ai/dsh-brand': 0.1.2-alpha.5(@deepseek-ai/cordis@4.0.2)
      '@deepseek-ai/dsh-llm': 0.1.2-alpha.5(@deepseek-ai/cordis@4.0.2)
      '@deepseek-ai/dsh-scope': 0.1.2-alpha.5(@deepseek-ai/cordis@4.0.2)(@deepseek-ai/dsh-invariants@0.1.2-alpha.5(@deepseek-ai/cordis@4.0.2))
      '@deepseek-ai/dsh-util-values': 0.1.2-alpha.5(@deepseek-ai/cordis@4.0.2)

  '@deepseek-ai/dsh-system-prompt@0.1.2-alpha.5(@deepseek-ai/cordis@4.0.2)(@deepseek-ai/dsh-invariants@0.1.2-alpha.5(@deepseek-ai/cordis@4.0.2))(@deepseek-ai/dsh-llm@0.1.2-alpha.5(@deepseek-ai/cordis@4.0.2))(@deepseek-ai/dsh-scope@0.1.2-alpha.5(@deepseek-ai/cordis@4.0.2)(@deepseek-ai/dsh-invariants@0.1.2-alpha.5(@deepseek-ai/cordis@4.0.2)))':
    dependencies:
      '@deepseek-ai/cordis': 4.0.2
      '@deepseek-ai/dsh-invariants': 0.1.2-alpha.5(@deepseek-ai/cordis@4.0.2)
      '@deepseek-ai/dsh-llm': 0.1.2-alpha.5(@deepseek-ai/cordis@4.0.2)
      '@deepseek-ai/dsh-scope': 0.1.2-alpha.5(@deepseek-ai/cordis@4.0.2)(@deepseek-ai/dsh-invariants@0.1.2-alpha.5(@deepseek-ai/cordis@4.0.2))
      '@deepseek-ai/schemastery': 3.18.2

  '@deepseek-ai/dsh-timeout@0.1.2-alpha.5(@deepseek-ai/cordis@4.0.2)':
    dependencies:
      '@deepseek-ai/cordis': 4.0.2

  '@deepseek-ai/dsh-tools@0.1.2-alpha.5(1920668a7b8131264e60ea69ed9b4723)':
    dependencies:
      '@deepseek-ai/cordis': 4.0.2
      '@deepseek-ai/dsh-agent': 0.1.0-rc.6(@deepseek-ai/cordis@4.0.2)(@deepseek-ai/dsh-invariants@0.1.2-alpha.5(@deepseek-ai/cordis@4.0.2))(@deepseek-ai/dsh-llm@0.1.2-alpha.5(@deepseek-ai/cordis@4.0.2))(@deepseek-ai/dsh-scope@0.1.2-alpha.5(@deepseek-ai/cordis@4.0.2)(@deepseek-ai/dsh-invariants@0.1.2-alpha.5(@deepseek-ai/cordis@4.0.2)))(@deepseek-ai/dsh-session@0.1.2-alpha.5(@deepseek-ai/cordis@4.0.2)(@deepseek-ai/dsh-scope@0.1.2-alpha.5(@deepseek-ai/cordis@4.0.2)(@deepseek-ai/dsh-invariants@0.1.2-alpha.5(@deepseek-ai/cordis@4.0.2))))(@deepseek-ai/dsh-system-prompt@0.1.2-alpha.5(@deepseek-ai/cordis@4.0.2)(@deepseek-ai/dsh-invariants@0.1.2-alpha.5(@deepseek-ai/cordis@4.0.2))(@deepseek-ai/dsh-llm@0.1.2-alpha.5(@deepseek-ai/cordis@4.0.2))(@deepseek-ai/dsh-scope@0.1.2-alpha.5(@deepseek-ai/cordis@4.0.2)(@deepseek-ai/dsh-invariants@0.1.2-alpha.5(@deepseek-ai/cordis@4.0.2))))(@deepseek-ai/dsh-typert-protocol@0.1.2-alpha.5(@deepseek-ai/cordis@4.0.2))
      '@deepseek-ai/dsh-brand': 0.1.2-alpha.5(@deepseek-ai/cordis@4.0.2)
      '@deepseek-ai/dsh-code-runtime': 0.1.2-alpha.5(@deepseek-ai/cordis@4.0.2)
      '@deepseek-ai/dsh-invariants': 0.1.2-alpha.5(@deepseek-ai/cordis@4.0.2)
      '@deepseek-ai/dsh-llm': 0.1.2-alpha.5(@deepseek-ai/cordis@4.0.2)
      '@deepseek-ai/dsh-scope': 0.1.2-alpha.5(@deepseek-ai/cordis@4.0.2)(@deepseek-ai/dsh-invariants@0.1.2-alpha.5(@deepseek-ai/cordis@4.0.2))
      '@deepseek-ai/dsh-session': 0.1.2-alpha.5(@deepseek-ai/cordis@4.0.2)(@deepseek-ai/dsh-scope@0.1.2-alpha.5(@deepseek-ai/cordis@4.0.2)(@deepseek-ai/dsh-invariants@0.1.2-alpha.5(@deepseek-ai/cordis@4.0.2)))
      '@deepseek-ai/dsh-system-prompt': 0.1.2-alpha.5(@deepseek-ai/cordis@4.0.2)(@deepseek-ai/dsh-invariants@0.1.2-alpha.5(@deepseek-ai/cordis@4.0.2))(@deepseek-ai/dsh-llm@0.1.2-alpha.5(@deepseek-ai/cordis@4.0.2))(@deepseek-ai/dsh-scope@0.1.2-alpha.5(@deepseek-ai/cordis@4.0.2)(@deepseek-ai/dsh-invariants@0.1.2-alpha.5(@deepseek-ai/cordis@4.0.2)))
      '@deepseek-ai/dsh-user-approval': 0.1.2-alpha.5(8180ba0ccf735f4a7333aad0d0965e5c)
      '@deepseek-ai/dsh-util-values': 0.1.2-alpha.5(@deepseek-ai/cordis@4.0.2)
      '@deepseek-ai/schemastery': 3.18.2

  '@deepseek-ai/dsh-typert-protocol@0.1.2-alpha.5(@deepseek-ai/cordis@4.0.2)':
    dependencies:
      '@deepseek-ai/cordis': 4.0.2

  '@deepseek-ai/dsh-user-approval@0.1.2-alpha.5(8180ba0ccf735f4a7333aad0d0965e5c)':
    dependencies:
      '@deepseek-ai/cordis': 4.0.2
      '@deepseek-ai/dsh-agent': 0.1.0-rc.6(@deepseek-ai/cordis@4.0.2)(@deepseek-ai/dsh-invariants@0.1.2-alpha.5(@deepseek-ai/cordis@4.0.2))(@deepseek-ai/dsh-llm@0.1.2-alpha.5(@deepseek-ai/cordis@4.0.2))(@deepseek-ai/dsh-scope@0.1.2-alpha.5(@deepseek-ai/cordis@4.0.2)(@deepseek-ai/dsh-invariants@0.1.2-alpha.5(@deepseek-ai/cordis@4.0.2)))(@deepseek-ai/dsh-session@0.1.2-alpha.5(@deepseek-ai/cordis@4.0.2)(@deepseek-ai/dsh-scope@0.1.2-alpha.5(@deepseek-ai/cordis@4.0.2)(@deepseek-ai/dsh-invariants@0.1.2-alpha.5(@deepseek-ai/cordis@4.0.2))))(@deepseek-ai/dsh-system-prompt@0.1.2-alpha.5(@deepseek-ai/cordis@4.0.2)(@deepseek-ai/dsh-invariants@0.1.2-alpha.5(@deepseek-ai/cordis@4.0.2))(@deepseek-ai/dsh-llm@0.1.2-alpha.5(@deepseek-ai/cordis@4.0.2))(@deepseek-ai/dsh-scope@0.1.2-alpha.5(@deepseek-ai/cordis@4.0.2)(@deepseek-ai/dsh-invariants@0.1.2-alpha.5(@deepseek-ai/cordis@4.0.2))))(@deepseek-ai/dsh-typert-protocol@0.1.2-alpha.5(@deepseek-ai/cordis@4.0.2))
      '@deepseek-ai/dsh-brand': 0.1.2-alpha.5(@deepseek-ai/cordis@4.0.2)
      '@deepseek-ai/dsh-invariants': 0.1.2-alpha.5(@deepseek-ai/cordis@4.0.2)
      '@deepseek-ai/dsh-llm': 0.1.2-alpha.5(@deepseek-ai/cordis@4.0.2)
      '@deepseek-ai/dsh-scope': 0.1.2-alpha.5(@deepseek-ai/cordis@4.0.2)(@deepseek-ai/dsh-invariants@0.1.2-alpha.5(@deepseek-ai/cordis@4.0.2))
      '@deepseek-ai/dsh-session': 0.1.2-alpha.5(@deepseek-ai/cordis@4.0.2)(@deepseek-ai/dsh-scope@0.1.2-alpha.5(@deepseek-ai/cordis@4.0.2)(@deepseek-ai/dsh-invariants@0.1.2-alpha.5(@deepseek-ai/cordis@4.0.2)))
      '@deepseek-ai/dsh-system-prompt': 0.1.2-alpha.5(@deepseek-ai/cordis@4.0.2)(@deepseek-ai/dsh-invariants@0.1.2-alpha.5(@deepseek-ai/cordis@4.0.2))(@deepseek-ai/dsh-llm@0.1.2-alpha.5(@deepseek-ai/cordis@4.0.2))(@deepseek-ai/dsh-scope@0.1.2-alpha.5(@deepseek-ai/cordis@4.0.2)(@deepseek-ai/dsh-invariants@0.1.2-alpha.5(@deepseek-ai/cordis@4.0.2)))
      '@deepseek-ai/schemastery': 3.18.2

  '@deepseek-ai/dsh-util-crypto@0.1.2-alpha.5(@deepseek-ai/cordis@4.0.2)':
    dependencies:
      '@deepseek-ai/cordis': 4.0.2

  '@deepseek-ai/dsh-util-values@0.1.2-alpha.5(@deepseek-ai/cordis@4.0.2)':
    dependencies:
      '@deepseek-ai/cordis': 4.0.2

  '@deepseek-ai/schemastery@3.18.2':
    dependencies:
      '@deepseek-ai/cosmokit': 1.8.3
      '@standard-schema/spec': 1.1.0

  '@oxc-project/types@0.148.0': {}

  '@quansync/fs@1.0.0':
    dependencies:
      quansync: 1.0.0

  '@rolldown/binding-android-arm-eabi@1.2.7':
    optional: true

  '@rolldown/binding-android-arm64@1.2.7':
    optional: true

  '@rolldown/binding-darwin-arm64@1.2.7':
    optional: true

  '@rolldown/binding-darwin-x64@1.2.7':
    optional: true

  '@rolldown/binding-freebsd-x64@1.2.7':
    optional: true

  '@rolldown/binding-linux-arm-gnueabihf@1.2.7':
    optional: true

  '@rolldown/binding-linux-arm64-gnu@1.2.7':
    optional: true

  '@rolldown/binding-linux-arm64-musl@1.2.7':
    optional: true

  '@rolldown/binding-linux-ppc64-gnu@1.2.7':
    optional: true

  '@rolldown/binding-linux-s390x-gnu@1.2.7':
    optional: true

  '@rolldown/binding-linux-x64-gnu@1.2.7':
    optional: true

  '@rolldown/binding-linux-x64-musl@1.2.7':
    optional: true

  '@rolldown/binding-openharmony-arm64@1.2.7':
    optional: true

  '@rolldown/binding-win32-arm64-msvc@1.2.7':
    optional: true

  '@rolldown/binding-win32-x64-msvc@1.2.7':
    optional: true

  '@rolldown/pluginutils@1.0.1': {}

  '@standard-schema/spec@1.1.0': {}

  '@types/node@22.20.1':
    dependencies:
      undici-types: 6.21.0

  '@types/prop-types@15.7.15': {}

  '@types/react-dom@18.3.0':
    dependencies:
      '@types/react': 18.3.31

  '@types/react@18.3.31':
    dependencies:
      '@types/prop-types': 15.7.15
      csstype: 3.2.3

  '@yuku-codegen/binding-android-arm64@0.8.7':
    optional: true

  '@yuku-codegen/binding-darwin-arm64@0.8.7':
    optional: true

  '@yuku-codegen/binding-darwin-x64@0.8.7':
    optional: true

  '@yuku-codegen/binding-freebsd-x64@0.8.7':
    optional: true

  '@yuku-codegen/binding-linux-arm-gnu@0.8.7':
    optional: true

  '@yuku-codegen/binding-linux-arm-musl@0.8.7':
    optional: true

  '@yuku-codegen/binding-linux-arm64-gnu@0.8.7':
    optional: true

  '@yuku-codegen/binding-linux-arm64-musl@0.8.7':
    optional: true

  '@yuku-codegen/binding-linux-x64-gnu@0.8.7':
    optional: true

  '@yuku-codegen/binding-linux-x64-musl@0.8.7':
    optional: true

  '@yuku-codegen/binding-win32-arm64@0.8.7':
    optional: true

  '@yuku-codegen/binding-win32-x64@0.8.7':
    optional: true

  '@yuku-parser/binding-android-arm64@0.8.7':
    optional: true

  '@yuku-parser/binding-darwin-arm64@0.8.7':
    optional: true

  '@yuku-parser/binding-darwin-x64@0.8.7':
    optional: true

  '@yuku-parser/binding-freebsd-x64@0.8.7':
    optional: true

  '@yuku-parser/binding-linux-arm-gnu@0.8.7':
    optional: true

  '@yuku-parser/binding-linux-arm-musl@0.8.7':
    optional: true

  '@yuku-parser/binding-linux-arm64-gnu@0.8.7':
    optional: true

  '@yuku-parser/binding-linux-arm64-musl@0.8.7':
    optional: true

  '@yuku-parser/binding-linux-x64-gnu@0.8.7':
    optional: true

  '@yuku-parser/binding-linux-x64-musl@0.8.7':
    optional: true

  '@yuku-parser/binding-win32-arm64@0.8.7':
    optional: true

  '@yuku-parser/binding-win32-x64@0.8.7':
    optional: true

  '@yuku-toolchain/types@0.8.7': {}

  ansis@4.3.1: {}

  cac@7.0.0: {}

  csstype@3.2.3: {}

  defu@6.1.7: {}

  dts-resolver@3.0.0: {}

  empathic@2.0.1: {}

  fdir@6.5.0(picomatch@4.0.7):
    optionalDependencies:
      picomatch: 4.0.7

  get-tsconfig@5.0.0-beta.5:
    dependencies:
      resolve-pkg-maps: 1.0.0

  hookable@6.1.1: {}

  import-without-cache@0.4.0: {}

  obug@2.1.4: {}

  picomatch@4.0.7: {}

  quansync@1.0.0: {}

  react@19.2.8: {}

  resolve-pkg-maps@1.0.0: {}

  rolldown-plugin-dts@0.27.14(rolldown@1.2.7)(typescript@5.4.2):
    dependencies:
      dts-resolver: 3.0.0
      get-tsconfig: 5.0.0-beta.5
      obug: 2.1.4
      rolldown: 1.2.7
      yuku-ast: 0.8.7
      yuku-codegen: 0.8.7
      yuku-parser: 0.8.7
    optionalDependencies:
      typescript: 5.4.2
    transitivePeerDependencies:
      - oxc-resolver

  rolldown@1.2.7:
    dependencies:
      '@oxc-project/types': 0.148.0
      '@rolldown/pluginutils': 1.0.1
    optionalDependencies:
      '@rolldown/binding-android-arm-eabi': 1.2.7
      '@rolldown/binding-android-arm64': 1.2.7
      '@rolldown/binding-darwin-arm64': 1.2.7
      '@rolldown/binding-darwin-x64': 1.2.7
      '@rolldown/binding-freebsd-x64': 1.2.7
      '@rolldown/binding-linux-arm-gnueabihf': 1.2.7
      '@rolldown/binding-linux-arm64-gnu': 1.2.7
      '@rolldown/binding-linux-arm64-musl': 1.2.7
      '@rolldown/binding-linux-ppc64-gnu': 1.2.7
      '@rolldown/binding-linux-s390x-gnu': 1.2.7
      '@rolldown/binding-linux-x64-gnu': 1.2.7
      '@rolldown/binding-linux-x64-musl': 1.2.7
      '@rolldown/binding-openharmony-arm64': 1.2.7
      '@rolldown/binding-win32-arm64-msvc': 1.2.7
      '@rolldown/binding-win32-x64-msvc': 1.2.7

  tinyexec@1.3.0: {}

  tinyglobby@0.2.17:
    dependencies:
      fdir: 6.5.0(picomatch@4.0.7)
      picomatch: 4.0.7

  tree-kill@1.2.2: {}

  tsdown@0.22.14(typescript@5.4.2):
    dependencies:
      ansis: 4.3.1
      cac: 7.0.0
      defu: 6.1.7
      empathic: 2.0.1
      hookable: 6.1.1
      import-without-cache: 0.4.0
      obug: 2.1.4
      picomatch: 4.0.7
      rolldown: 1.2.7
      rolldown-plugin-dts: 0.27.14(rolldown@1.2.7)(typescript@5.4.2)
      tinyexec: 1.3.0
      tinyglobby: 0.2.17
      tree-kill: 1.2.2
      unconfig-core: 7.5.0
      verkit: 0.3.2
    optionalDependencies:
      typescript: 5.4.2
    transitivePeerDependencies:
      - '@typescript/native-preview'
      - '@volar/typescript'
      - oxc-resolver
      - vue-tsc

  typescript@5.4.2: {}

  unconfig-core@7.5.0:
    dependencies:
      '@quansync/fs': 1.0.0
      quansync: 1.0.0

  undici-types@6.21.0: {}

  verkit@0.3.2: {}

  yuku-ast@0.8.7:
    dependencies:
      '@yuku-toolchain/types': 0.8.7

  yuku-codegen@0.8.7:
    dependencies:
      '@yuku-toolchain/types': 0.8.7
    optionalDependencies:
      '@yuku-codegen/binding-android-arm64': 0.8.7
      '@yuku-codegen/binding-darwin-arm64': 0.8.7
      '@yuku-codegen/binding-darwin-x64': 0.8.7
      '@yuku-codegen/binding-freebsd-x64': 0.8.7
      '@yuku-codegen/binding-linux-arm-gnu': 0.8.7
      '@yuku-codegen/binding-linux-arm-musl': 0.8.7
      '@yuku-codegen/binding-linux-arm64-gnu': 0.8.7
      '@yuku-codegen/binding-linux-arm64-musl': 0.8.7
      '@yuku-codegen/binding-linux-x64-gnu': 0.8.7
      '@yuku-codegen/binding-linux-x64-musl': 0.8.7
      '@yuku-codegen/binding-win32-arm64': 0.8.7
      '@yuku-codegen/binding-win32-x64': 0.8.7

  yuku-parser@0.8.7:
    dependencies:
      '@yuku-toolchain/types': 0.8.7
      yuku-ast: 0.8.7
    optionalDependencies:
      '@yuku-parser/binding-android-arm64': 0.8.7
      '@yuku-parser/binding-darwin-arm64': 0.8.7
      '@yuku-parser/binding-darwin-x64': 0.8.7
      '@yuku-parser/binding-freebsd-x64': 0.8.7
      '@yuku-parser/binding-linux-arm-gnu': 0.8.7
      '@yuku-parser/binding-linux-arm-musl': 0.8.7
      '@yuku-parser/binding-linux-arm64-gnu': 0.8.7
      '@yuku-parser/binding-linux-arm64-musl': 0.8.7
      '@yuku-parser/binding-linux-x64-gnu': 0.8.7
      '@yuku-parser/binding-linux-x64-musl': 0.8.7
      '@yuku-parser/binding-win32-arm64': 0.8.7
      '@yuku-parser/binding-win32-x64': 0.8.7

  zod@4.5.4: {}
