lockfileVersion: '9.0'

settings:
  autoInstallPeers: true
  excludeLinksFromLockfile: false

importers:

  .:
    devDependencies:
      '@deepseek-ai/dsh-agent':
        specifier: 0.1.0-rc.6
        version: 0.1.0-rc.6(@deepseek-ai/cordis@4.0.2)(@deepseek-ai/dsh-invariants@0.1.2-alpha.5(@deepseek-ai/cordis@4.0.2))(@deepseek-ai/dsh-llm@0.1.2-alpha.5(@deepseek-ai/cordis@4.0.2))(@deepseek-ai/dsh-scope@0.1.2-alpha.5(@deepseek-ai/cordis@4.0.2)(@deepseek-ai/dsh-invariants@0.1.2-alpha.5(@deepseek-ai/cordis@4.0.2)))(@deepseek-ai/dsh-session@0.1.2-alpha.5(@deepseek-ai/cordis@4.0.2)(@deepseek-ai/dsh-scope@0.1.2-alpha.5(@deepseek-ai/cordis@4.0.2)(@deepseek-ai/dsh-invariants@0.1.2-alpha.5(@deepseek-ai/cordis@4.0.2))))(@deepseek-ai/dsh-system-prompt@0.1.2-alpha.5(@deepseek-ai/cordis@4.0.2)(@deepseek-ai/dsh-invariants@0.1.2-alpha.5(@deepseek-ai/cordis@4.0.2))(@deepseek-ai/dsh-llm@0.1.2-alpha.5(@deepseek-ai/cordis@4.0.2))(@deepseek-ai/dsh-scope@0.1.2-alpha.5(@deepseek-ai/cordis@4.0.2)(@deepseek-ai/dsh-invariants@0.1.2-alpha.5(@deepseek-ai/cordis@4.0.2))))(@deepseek-ai/dsh-typert-protocol@0.1.2-alpha.5(@deepseek-ai/cordis@4.0.2))
      '@deepseek-ai/dsh-tools':
        specifier: '>=0.1.2-alpha.1'
        version: 0.1.2-alpha.5(1920668a7b8131264e60ea69ed9b4723)
      '@types/node':
        specifier: ^22.0.0
        version: 22.20.1
      typescript:
        specifier: ^5.4.0
        version: 5.4.2

packages:

  '@deepseek-ai/cordis@4.0.2':
    resolution: {integrity: sha512-asOnXP1TzFSFQlHb1iegDZp0z/8WD1c7YNrwJR/Tx2bzNuMXfcekE/I67Iv6SQXeLB4csxqCngzQKANP7gdw0g==}
    hasBin: true
    peerDependencies:
      '@deepseek-ai/cordis-plugin-include': ^1.0.7
      '@deepseek-ai/cordis-plugin-loader': ^1.0.3
    peerDependenciesMeta:
      '@deepseek-ai/cordis-plugin-include':
        optional: true
      '@deepseek-ai/cordis-plugin-loader':
        optional: true

  '@deepseek-ai/cosmokit@1.8.3':
    resolution: {integrity: sha512-qBo+ronVM6Eu2WNVJXi8JcMiqZ19T9BRIpV+5qJUFPXjGH/Z0QKcQMC/IZJ7L394YTOtJgcovbk9qP0w2GsBXQ==}

  '@deepseek-ai/dsh-agent@0.1.0-rc.6':
    resolution: {integrity: sha512-vtqq2pWTrzn0dKfj5kREZRpP82AwtGjGx9V1lYnKvF+Uc/a8zyWbSvjDE7V1d3YQAQJzs2cWO31hURWDekDXIA==}
    peerDependencies:
      '@deepseek-ai/cordis': ^4.0.1
      '@deepseek-ai/dsh-invariants': ^0.1.0-rc.6
      '@deepseek-ai/dsh-llm': ^0.1.0-rc.6
      '@deepseek-ai/dsh-scope': ^0.1.0-rc.6
      '@deepseek-ai/dsh-session': ^0.1.0-rc.6
      '@deepseek-ai/dsh-system-prompt': ^0.1.0-rc.6
      '@deepseek-ai/dsh-typert-protocol': ^0.1.0-rc.6

  '@deepseek-ai/dsh-brand@0.1.2-alpha.5':
    resolution: {integrity: sha512-jpOkfEV4p80UzxfuXCUE9Br+VCvf9VT3fun9fP9aIUh7kw/16MJQVFFdQAfKY/IAeW/Dj3GtkjXxJMBctqv3AQ==}
    peerDependencies:
      '@deepseek-ai/cordis': ^4.0.2

  '@deepseek-ai/dsh-code-runtime@0.1.2-alpha.5':
    resolution: {integrity: sha512-ZRVuIDmYnyb30VDuFitd9/4oVId9qq2oQJj1boV/VCritu/fhrpx76S8MRaKmm8l66h299/XCTDkZ+z6tanmhQ==}
    peerDependencies:
      '@deepseek-ai/cordis': ^4.0.2

  '@deepseek-ai/dsh-invariants@0.1.2-alpha.5':
    resolution: {integrity: sha512-UC7rpUR3wAt0Ez3/uvY+pmdYb19SnrmAqHCMFzdiXxb+q/V5kHM26NYx57FlqaQf0LMhEds8Ek4BrHLe7xn0Rw==}
    peerDependencies:
      '@deepseek-ai/cordis': ^4.0.2

  '@deepseek-ai/dsh-llm@0.1.2-alpha.5':
    resolution: {integrity: sha512-po0FJyAmOQM/pUUR3eIOPdM4aDODAt9NvS8p8/Y0PJ7gvisRYL4oqXyEk8y9nbryfEnNJNSOaxv/maBdmeHpGQ==}
    peerDependencies:
      '@deepseek-ai/cordis': ^4.0.2

  '@deepseek-ai/dsh-scope@0.1.2-alpha.5':
    resolution: {integrity: sha512-uWPbN6//COBRgjQZkp09h3A2A4vBBFr/VE2TdZ9epdiroSa5l6QByyPGXi5i6gCPj5pB8q1TXIqhzyhr/CUGig==}
    peerDependencies:
      '@deepseek-ai/cordis': ^4.0.2
      '@deepseek-ai/dsh-invariants': ^0.1.2-alpha.5

  '@deepseek-ai/dsh-session@0.1.2-alpha.5':
    resolution: {integrity: sha512-GOjXnU82ROSKZxPi765EvbNC5b5zsKajY+r1UpDVLrvLJO9lqLMFAc2SgO9M0kFl6DYHV2j5L7yAemajTDqqAA==}
    peerDependencies:
      '@deepseek-ai/cordis': ^4.0.2
      '@deepseek-ai/dsh-scope': ^0.1.2-alpha.5

  '@deepseek-ai/dsh-system-prompt@0.1.2-alpha.5':
    resolution: {integrity: sha512-SBg0hQB+0ulXHZZ6tFQcvieZzpI9/z9ij7pkrpj2AX7EbZbLfa+vVn0NG6lfGz4ZWpoMDzlVBAbXJqyda/8W1g==}
    peerDependencies:
      '@deepseek-ai/cordis': ^4.0.2
      '@deepseek-ai/dsh-invariants': ^0.1.2-alpha.5
      '@deepseek-ai/dsh-llm': ^0.1.2-alpha.5
      '@deepseek-ai/dsh-scope': ^0.1.2-alpha.5

  '@deepseek-ai/dsh-timeout@0.1.2-alpha.5':
    resolution: {integrity: sha512-CRz+ssho5Qi4hdw1lh/ISeegvbcIkG0tZgjgkMGrhtkSQcXJQRn0qCHU0apYk+lEsTZLooEsNGXEoHStMDc8LQ==}
    peerDependencies:
      '@deepseek-ai/cordis': ^4.0.2

  '@deepseek-ai/dsh-tools@0.1.2-alpha.5':
    resolution: {integrity: sha512-ay1dNbDawfphNgHBIpewesNp46Bl4c9iAB4Ul+nzjhTozULbLbKbHfN6RPhvk4dfnoYjXKeMU4gOTNP1Tr3vNA==}
    peerDependencies:
      '@deepseek-ai/cordis': ^4.0.2
      '@deepseek-ai/dsh-agent': ^0.1.2-alpha.5
      '@deepseek-ai/dsh-code-runtime': ^0.1.2-alpha.5
      '@deepseek-ai/dsh-invariants': ^0.1.2-alpha.5
      '@deepseek-ai/dsh-llm': ^0.1.2-alpha.5
      '@deepseek-ai/dsh-scope': ^0.1.2-alpha.5
      '@deepseek-ai/dsh-session': ^0.1.2-alpha.5
      '@deepseek-ai/dsh-system-prompt': ^0.1.2-alpha.5
      '@deepseek-ai/dsh-user-approval': ^0.1.2-alpha.5

  '@deepseek-ai/dsh-typert-protocol@0.1.2-alpha.5':
    resolution: {integrity: sha512-9+THodbDJuRCa5PF5sglO+aDCKyCmDmKNlg7VqMflUcmudSdGfcGteivgNXxKaQkYncL4DbYwqRsw5S0/iHeHw==}
    peerDependencies:
      '@deepseek-ai/cordis': ^4.0.2

  '@deepseek-ai/dsh-user-approval@0.1.2-alpha.5':
    resolution: {integrity: sha512-9TwAwI3JKCrz7iLahO58RWZHieNG0pNMrDdXQjoahDxmKBo0jfk/w9J0Fxh8o9ZPiIdyXR1dr2JvLJjucp6qeA==}
    peerDependencies:
      '@deepseek-ai/cordis': ^4.0.2
      '@deepseek-ai/dsh-agent': ^0.1.2-alpha.5
      '@deepseek-ai/dsh-brand': ^0.1.2-alpha.5
      '@deepseek-ai/dsh-invariants': ^0.1.2-alpha.5
      '@deepseek-ai/dsh-llm': ^0.1.2-alpha.5
      '@deepseek-ai/dsh-scope': ^0.1.2-alpha.5
      '@deepseek-ai/dsh-session': ^0.1.2-alpha.5
      '@deepseek-ai/dsh-system-prompt': ^0.1.2-alpha.5

  '@deepseek-ai/dsh-util-crypto@0.1.2-alpha.5':
    resolution: {integrity: sha512-E7MnetX+Gt1DuIkf2mrGfoF/yFGzyvueDJxLX7SdiCr1CEZ2z24dz5I0NkU4k1I4XkCMmt6QbbaGfmCcqCFdUw==}
    peerDependencies:
      '@deepseek-ai/cordis': ^4.0.2

  '@deepseek-ai/dsh-util-values@0.1.2-alpha.5':
    resolution: {integrity: sha512-1rhtBUw5exfiuws3MkpXU07k0wcdV9tFSGf6FrUoFrD0KzqLUN5N3lNrgL8BDjRml9ihtYh/3i0pJhfuEvZ+7w==}
    peerDependencies:
      '@deepseek-ai/cordis': ^4.0.2

  '@deepseek-ai/schemastery@3.18.2':
    resolution: {integrity: sha512-njDtZsznjYxok7KLLlHOPyuv2efdWVbSflAHgztSfbMsg+CVraEoRe2DjOCgClYv3ZCSm7WXoaUkbB/+RY7tWQ==}

  '@standard-schema/spec@1.1.0':
    resolution: {integrity: sha512-l2aFy5jALhniG5HgqrD6jXLi/rUWrKvqN/qJx6yoJsgKhblVd+iqqU4RCXavm/jPityDo5TCvKMnpjKnOriy0w==}

  '@types/node@22.20.1':
    resolution: {integrity: sha512-EANqOCF9QFyra+4pfxUcX9STKJpCLjMbObVzljIJomAWSnuSIEAvyzEU53GaajbXJEgdh0iEcPL+DGvpUd4k1Q==}

  typescript@5.4.2:
    resolution: {integrity: sha512-+2/g0Fds1ERlP6JsakQQDXjZdZMM+rqpamFZJEKh4kwTIn3iDkgKtby0CeNd5ATNZ4Ry1ax15TMx0W2V+miizQ==}
    engines: {node: '>=14.17'}
    hasBin: true

  undici-types@6.21.0:
    resolution: {integrity: sha512-iwDZqg0QAGrg9Rav5H4n0M64c3mkR59cJ6wQp+7C4nI0gsmExaedaYLNO44eT4AtBBwjbTiGPMlt2Md0T9H9JQ==}

  zod@4.5.4:
    resolution: {integrity: sha512-sC95tT5iHHH9gtpj6A81kh+NEaRAUFN+qlUPDUbRfOMvNf5QCBqsb3WgvnpVtK5Y+4UfA6KqufotuTvMGiTlsA==}

snapshots:

  '@deepseek-ai/cordis@4.0.2':
    dependencies:
      '@deepseek-ai/cosmokit': 1.8.3
      '@standard-schema/spec': 1.1.0

  '@deepseek-ai/cosmokit@1.8.3': {}

  '@deepseek-ai/dsh-agent@0.1.0-rc.6(@deepseek-ai/cordis@4.0.2)(@deepseek-ai/dsh-invariants@0.1.2-alpha.5(@deepseek-ai/cordis@4.0.2))(@deepseek-ai/dsh-llm@0.1.2-alpha.5(@deepseek-ai/cordis@4.0.2))(@deepseek-ai/dsh-scope@0.1.2-alpha.5(@deepseek-ai/cordis@4.0.2)(@deepseek-ai/dsh-invariants@0.1.2-alpha.5(@deepseek-ai/cordis@4.0.2)))(@deepseek-ai/dsh-session@0.1.2-alpha.5(@deepseek-ai/cordis@4.0.2)(@deepseek-ai/dsh-scope@0.1.2-alpha.5(@deepseek-ai/cordis@4.0.2)(@deepseek-ai/dsh-invariants@0.1.2-alpha.5(@deepseek-ai/cordis@4.0.2))))(@deepseek-ai/dsh-system-prompt@0.1.2-alpha.5(@deepseek-ai/cordis@4.0.2)(@deepseek-ai/dsh-invariants@0.1.2-alpha.5(@deepseek-ai/cordis@4.0.2))(@deepseek-ai/dsh-llm@0.1.2-alpha.5(@deepseek-ai/cordis@4.0.2))(@deepseek-ai/dsh-scope@0.1.2-alpha.5(@deepseek-ai/cordis@4.0.2)(@deepseek-ai/dsh-invariants@0.1.2-alpha.5(@deepseek-ai/cordis@4.0.2))))(@deepseek-ai/dsh-typert-protocol@0.1.2-alpha.5(@deepseek-ai/cordis@4.0.2))':
    dependencies:
      '@deepseek-ai/cordis': 4.0.2
      '@deepseek-ai/dsh-invariants': 0.1.2-alpha.5(@deepseek-ai/cordis@4.0.2)
      '@deepseek-ai/dsh-llm': 0.1.2-alpha.5(@deepseek-ai/cordis@4.0.2)
      '@deepseek-ai/dsh-scope': 0.1.2-alpha.5(@deepseek-ai/cordis@4.0.2)(@deepseek-ai/dsh-invariants@0.1.2-alpha.5(@deepseek-ai/cordis@4.0.2))
      '@deepseek-ai/dsh-session': 0.1.2-alpha.5(@deepseek-ai/cordis@4.0.2)(@deepseek-ai/dsh-scope@0.1.2-alpha.5(@deepseek-ai/cordis@4.0.2)(@deepseek-ai/dsh-invariants@0.1.2-alpha.5(@deepseek-ai/cordis@4.0.2)))
      '@deepseek-ai/dsh-system-prompt': 0.1.2-alpha.5(@deepseek-ai/cordis@4.0.2)(@deepseek-ai/dsh-invariants@0.1.2-alpha.5(@deepseek-ai/cordis@4.0.2))(@deepseek-ai/dsh-llm@0.1.2-alpha.5(@deepseek-ai/cordis@4.0.2))(@deepseek-ai/dsh-scope@0.1.2-alpha.5(@deepseek-ai/cordis@4.0.2)(@deepseek-ai/dsh-invariants@0.1.2-alpha.5(@deepseek-ai/cordis@4.0.2)))
      '@deepseek-ai/dsh-typert-protocol': 0.1.2-alpha.5(@deepseek-ai/cordis@4.0.2)

  '@deepseek-ai/dsh-brand@0.1.2-alpha.5(@deepseek-ai/cordis@4.0.2)':
    dependencies:
      '@deepseek-ai/cordis': 4.0.2

  '@deepseek-ai/dsh-code-runtime@0.1.2-alpha.5(@deepseek-ai/cordis@4.0.2)':
    dependencies:
      '@deepseek-ai/cordis': 4.0.2

  '@deepseek-ai/dsh-invariants@0.1.2-alpha.5(@deepseek-ai/cordis@4.0.2)':
    dependencies:
      '@deepseek-ai/cordis': 4.0.2
      '@deepseek-ai/schemastery': 3.18.2

  '@deepseek-ai/dsh-llm@0.1.2-alpha.5(@deepseek-ai/cordis@4.0.2)':
    dependencies:
      '@deepseek-ai/cordis': 4.0.2
      '@deepseek-ai/dsh-brand': 0.1.2-alpha.5(@deepseek-ai/cordis@4.0.2)
      '@deepseek-ai/dsh-timeout': 0.1.2-alpha.5(@deepseek-ai/cordis@4.0.2)
      '@deepseek-ai/dsh-typert-protocol': 0.1.2-alpha.5(@deepseek-ai/cordis@4.0.2)
      '@deepseek-ai/dsh-util-crypto': 0.1.2-alpha.5(@deepseek-ai/cordis@4.0.2)
      '@deepseek-ai/dsh-util-values': 0.1.2-alpha.5(@deepseek-ai/cordis@4.0.2)
      '@deepseek-ai/schemastery': 3.18.2
      zod: 4.5.4

  '@deepseek-ai/dsh-scope@0.1.2-alpha.5(@deepseek-ai/cordis@4.0.2)(@deepseek-ai/dsh-invariants@0.1.2-alpha.5(@deepseek-ai/cordis@4.0.2))':
    dependencies:
      '@deepseek-ai/cordis': 4.0.2
      '@deepseek-ai/dsh-invariants': 0.1.2-alpha.5(@deepseek-ai/cordis@4.0.2)

  '@deepseek-ai/dsh-session@0.1.2-alpha.5(@deepseek-ai/cordis@4.0.2)(@deepseek-ai/dsh-scope@0.1.2-alpha.5(@deepseek-ai/cordis@4.0.2)(@deepseek-ai/dsh-invariants@0.1.2-alpha.5(@deepseek-ai/cordis@4.0.2)))':
    dependencies:
      '@deepseek-ai/cordis': 4.0.2
      '@deepseek-ai/dsh-brand': 0.1.2-alpha.5(@deepseek-ai/cordis@4.0.2)
      '@deepseek-ai/dsh-llm': 0.1.2-alpha.5(@deepseek-ai/cordis@4.0.2)
      '@deepseek-ai/dsh-scope': 0.1.2-alpha.5(@deepseek-ai/cordis@4.0.2)(@deepseek-ai/dsh-invariants@0.1.2-alpha.5(@deepseek-ai/cordis@4.0.2))
      '@deepseek-ai/dsh-util-values': 0.1.2-alpha.5(@deepseek-ai/cordis@4.0.2)

  '@deepseek-ai/dsh-system-prompt@0.1.2-alpha.5(@deepseek-ai/cordis@4.0.2)(@deepseek-ai/dsh-invariants@0.1.2-alpha.5(@deepseek-ai/cordis@4.0.2))(@deepseek-ai/dsh-llm@0.1.2-alpha.5(@deepseek-ai/cordis@4.0.2))(@deepseek-ai/dsh-scope@0.1.2-alpha.5(@deepseek-ai/cordis@4.0.2)(@deepseek-ai/dsh-invariants@0.1.2-alpha.5(@deepseek-ai/cordis@4.0.2)))':
    dependencies:
      '@deepseek-ai/cordis': 4.0.2
      '@deepseek-ai/dsh-invariants': 0.1.2-alpha.5(@deepseek-ai/cordis@4.0.2)
      '@deepseek-ai/dsh-llm': 0.1.2-alpha.5(@deepseek-ai/cordis@4.0.2)
      '@deepseek-ai/dsh-scope': 0.1.2-alpha.5(@deepseek-ai/cordis@4.0.2)(@deepseek-ai/dsh-invariants@0.1.2-alpha.5(@deepseek-ai/cordis@4.0.2))
      '@deepseek-ai/schemastery': 3.18.2

  '@deepseek-ai/dsh-timeout@0.1.2-alpha.5(@deepseek-ai/cordis@4.0.2)':
    dependencies:
      '@deepseek-ai/cordis': 4.0.2

  '@deepseek-ai/dsh-tools@0.1.2-alpha.5(1920668a7b8131264e60ea69ed9b4723)':
    dependencies:
      '@deepseek-ai/cordis': 4.0.2
      '@deepseek-ai/dsh-agent': 0.1.0-rc.6(@deepseek-ai/cordis@4.0.2)(@deepseek-ai/dsh-invariants@0.1.2-alpha.5(@deepseek-ai/cordis@4.0.2))(@deepseek-ai/dsh-llm@0.1.2-alpha.5(@deepseek-ai/cordis@4.0.2))(@deepseek-ai/dsh-scope@0.1.2-alpha.5(@deepseek-ai/cordis@4.0.2)(@deepseek-ai/dsh-invariants@0.1.2-alpha.5(@deepseek-ai/cordis@4.0.2)))(@deepseek-ai/dsh-session@0.1.2-alpha.5(@deepseek-ai/cordis@4.0.2)(@deepseek-ai/dsh-scope@0.1.2-alpha.5(@deepseek-ai/cordis@4.0.2)(@deepseek-ai/dsh-invariants@0.1.2-alpha.5(@deepseek-ai/cordis@4.0.2))))(@deepseek-ai/dsh-system-prompt@0.1.2-alpha.5(@deepseek-ai/cordis@4.0.2)(@deepseek-ai/dsh-invariants@0.1.2-alpha.5(@deepseek-ai/cordis@4.0.2))(@deepseek-ai/dsh-llm@0.1.2-alpha.5(@deepseek-ai/cordis@4.0.2))(@deepseek-ai/dsh-scope@0.1.2-alpha.5(@deepseek-ai/cordis@4.0.2)(@deepseek-ai/dsh-invariants@0.1.2-alpha.5(@deepseek-ai/cordis@4.0.2))))(@deepseek-ai/dsh-typert-protocol@0.1.2-alpha.5(@deepseek-ai/cordis@4.0.2))
      '@deepseek-ai/dsh-brand': 0.1.2-alpha.5(@deepseek-ai/cordis@4.0.2)
      '@deepseek-ai/dsh-code-runtime': 0.1.2-alpha.5(@deepseek-ai/cordis@4.0.2)
      '@deepseek-ai/dsh-invariants': 0.1.2-alpha.5(@deepseek-ai/cordis@4.0.2)
      '@deepseek-ai/dsh-llm': 0.1.2-alpha.5(@deepseek-ai/cordis@4.0.2)
      '@deepseek-ai/dsh-scope': 0.1.2-alpha.5(@deepseek-ai/cordis@4.0.2)(@deepseek-ai/dsh-invariants@0.1.2-alpha.5(@deepseek-ai/cordis@4.0.2))
      '@deepseek-ai/dsh-session': 0.1.2-alpha.5(@deepseek-ai/cordis@4.0.2)(@deepseek-ai/dsh-scope@0.1.2-alpha.5(@deepseek-ai/cordis@4.0.2)(@deepseek-ai/dsh-invariants@0.1.2-alpha.5(@deepseek-ai/cordis@4.0.2)))
      '@deepseek-ai/dsh-system-prompt': 0.1.2-alpha.5(@deepseek-ai/cordis@4.0.2)(@deepseek-ai/dsh-invariants@0.1.2-alpha.5(@deepseek-ai/cordis@4.0.2))(@deepseek-ai/dsh-llm@0.1.2-alpha.5(@deepseek-ai/cordis@4.0.2))(@deepseek-ai/dsh-scope@0.1.2-alpha.5(@deepseek-ai/cordis@4.0.2)(@deepseek-ai/dsh-invariants@0.1.2-alpha.5(@deepseek-ai/cordis@4.0.2)))
      '@deepseek-ai/dsh-user-approval': 0.1.2-alpha.5(8180ba0ccf735f4a7333aad0d0965e5c)
      '@deepseek-ai/dsh-util-values': 0.1.2-alpha.5(@deepseek-ai/cordis@4.0.2)
      '@deepseek-ai/schemastery': 3.18.2

  '@deepseek-ai/dsh-typert-protocol@0.1.2-alpha.5(@deepseek-ai/cordis@4.0.2)':
    dependencies:
      '@deepseek-ai/cordis': 4.0.2

  '@deepseek-ai/dsh-user-approval@0.1.2-alpha.5(8180ba0ccf735f4a7333aad0d0965e5c)':
    dependencies:
      '@deepseek-ai/cordis': 4.0.2
      '@deepseek-ai/dsh-agent': 0.1.0-rc.6(@deepseek-ai/cordis@4.0.2)(@deepseek-ai/dsh-invariants@0.1.2-alpha.5(@deepseek-ai/cordis@4.0.2))(@deepseek-ai/dsh-llm@0.1.2-alpha.5(@deepseek-ai/cordis@4.0.2))(@deepseek-ai/dsh-scope@0.1.2-alpha.5(@deepseek-ai/cordis@4.0.2)(@deepseek-ai/dsh-invariants@0.1.2-alpha.5(@deepseek-ai/cordis@4.0.2)))(@deepseek-ai/dsh-session@0.1.2-alpha.5(@deepseek-ai/cordis@4.0.2)(@deepseek-ai/dsh-scope@0.1.2-alpha.5(@deepseek-ai/cordis@4.0.2)(@deepseek-ai/dsh-invariants@0.1.2-alpha.5(@deepseek-ai/cordis@4.0.2))))(@deepseek-ai/dsh-system-prompt@0.1.2-alpha.5(@deepseek-ai/cordis@4.0.2)(@deepseek-ai/dsh-invariants@0.1.2-alpha.5(@deepseek-ai/cordis@4.0.2))(@deepseek-ai/dsh-llm@0.1.2-alpha.5(@deepseek-ai/cordis@4.0.2))(@deepseek-ai/dsh-scope@0.1.2-alpha.5(@deepseek-ai/cordis@4.0.2)(@deepseek-ai/dsh-invariants@0.1.2-alpha.5(@deepseek-ai/cordis@4.0.2))))(@deepseek-ai/dsh-typert-protocol@0.1.2-alpha.5(@deepseek-ai/cordis@4.0.2))
      '@deepseek-ai/dsh-brand': 0.1.2-alpha.5(@deepseek-ai/cordis@4.0.2)
      '@deepseek-ai/dsh-invariants': 0.1.2-alpha.5(@deepseek-ai/cordis@4.0.2)
      '@deepseek-ai/dsh-llm': 0.1.2-alpha.5(@deepseek-ai/cordis@4.0.2)
      '@deepseek-ai/dsh-scope': 0.1.2-alpha.5(@deepseek-ai/cordis@4.0.2)(@deepseek-ai/dsh-invariants@0.1.2-alpha.5(@deepseek-ai/cordis@4.0.2))
      '@deepseek-ai/dsh-session': 0.1.2-alpha.5(@deepseek-ai/cordis@4.0.2)(@deepseek-ai/dsh-scope@0.1.2-alpha.5(@deepseek-ai/cordis@4.0.2)(@deepseek-ai/dsh-invariants@0.1.2-alpha.5(@deepseek-ai/cordis@4.0.2)))
      '@deepseek-ai/dsh-system-prompt': 0.1.2-alpha.5(@deepseek-ai/cordis@4.0.2)(@deepseek-ai/dsh-invariants@0.1.2-alpha.5(@deepseek-ai/cordis@4.0.2))(@deepseek-ai/dsh-llm@0.1.2-alpha.5(@deepseek-ai/cordis@4.0.2))(@deepseek-ai/dsh-scope@0.1.2-alpha.5(@deepseek-ai/cordis@4.0.2)(@deepseek-ai/dsh-invariants@0.1.2-alpha.5(@deepseek-ai/cordis@4.0.2)))
      '@deepseek-ai/schemastery': 3.18.2

  '@deepseek-ai/dsh-util-crypto@0.1.2-alpha.5(@deepseek-ai/cordis@4.0.2)':
    dependencies:
      '@deepseek-ai/cordis': 4.0.2

  '@deepseek-ai/dsh-util-values@0.1.2-alpha.5(@deepseek-ai/cordis@4.0.2)':
    dependencies:
      '@deepseek-ai/cordis': 4.0.2

  '@deepseek-ai/schemastery@3.18.2':
    dependencies:
      '@deepseek-ai/cosmokit': 1.8.3
      '@standard-schema/spec': 1.1.0

  '@standard-schema/spec@1.1.0': {}

  '@types/node@22.20.1':
    dependencies:
      undici-types: 6.21.0

  typescript@5.4.2: {}

  undici-types@6.21.0: {}

  zod@4.5.4: {}
